
Microsoft Visual Studio Solution File, Format Version 12.00
# Visual Studio 15
VisualStudioVersion = 15.0.28307.421
MinimumVisualStudioVersion = 10.0.40219.1
Project("{FAE04EC0-301F-11D3-BF4B-00C04F79EFBC}") = "ClassLibrary", "ClassLibrary\ClassLibrary.csproj", "{E853C781-7F38-487E-8989-3502034E2C2D}"
EndProject
Project("{FAE04EC0-301F-11D3-BF4B-00C04F79EFBC}") = "TestUnitario", "TestUnitario\TestUnitario.csproj", "{3AE45D0D-0C53-41B1-9247-806792C60C40}"
EndProject
Project("{FAE04EC0-301F-11D3-BF4B-00C04F79EFBC}") = "App", "App\App.csproj", "{3163B007-F448-49B7-8E05-0EAE0140FAF1}"
EndProject
Global
	GlobalSection(SolutionConfigurationPlatforms) = preSolution
		Debug|Any CPU = Debug|Any CPU
		Release|Any CPU = Release|Any CPU
	EndGlobalSection
	GlobalSection(ProjectConfigurationPlatforms) = postSolution
		{E853C781-7F38-487E-8989-3502034E2C2D}.Debug|Any CPU.ActiveCfg = Debug|Any CPU
		{E853C781-7F38-487E-8989-3502034E2C2D}.Debug|Any CPU.Build.0 = Debug|Any CPU
		{E853C781-7F38-487E-8989-3502034E2C2D}.Release|Any CPU.ActiveCfg = Release|Any CPU
		{E853C781-7F38-487E-8989-3502034E2C2D}.Release|Any CPU.Build.0 = Release|Any CPU
		{3AE45D0D-0C53-41B1-9247-806792C60C40}.Debug|Any CPU.ActiveCfg = Debug|Any CPU
		{3AE45D0D-0C53-41B1-9247-806792C60C40}.Debug|Any CPU.Build.0 = Debug|Any CPU
		{3AE45D0D-0C53-41B1-9247-806792C60C40}.Release|Any CPU.ActiveCfg = Release|Any CPU
		{3AE45D0D-0C53-41B1-9247-806792C60C40}.Release|Any CPU.Build.0 = Release|Any CPU
		{3163B007-F448-49B7-8E05-0EAE0140FAF1}.Debug|Any CPU.ActiveCfg = Debug|Any CPU
		{3163B007-F448-49B7-8E05-0EAE0140FAF1}.Debug|Any CPU.Build.0 = Debug|Any CPU
		{3163B007-F448-49B7-8E05-0EAE0140FAF1}.Release|Any CPU.ActiveCfg = Release|Any CPU
		{3163B007-F448-49B7-8E05-0EAE0140FAF1}.Release|Any CPU.Build.0 = Release|Any CPU
	EndGlobalSection
	GlobalSection(SolutionProperties) = preSolution
		HideSolutionNode = FALSE
	EndGlobalSection
	GlobalSection(ExtensibilityGlobals) = postSolution
		SolutionGuid = {66A17D44-0065-4A6F-BCE9-16CC872585B6}
	EndGlobalSection
EndGlobal
